
Microsoft Visual Studio Solution File, Format Version 12.00
# Visual Studio Version 17
VisualStudioVersion = 17.10.34916.146
MinimumVisualStudioVersion = 10.0.40219.1
Project("{F184B08F-C81C-45F6-A57F-5ABD9991F28F}") = "ExamenUnidad2", "ExamenUnidad2.vbproj", "{CE495CA2-2D4F-4DF4-9231-00D7EEF16898}"
EndProject
Global
	GlobalSection(SolutionConfigurationPlatforms) = preSolution
		Debug|Any CPU = Debug|Any CPU
		Release|Any CPU = Release|Any CPU
	EndGlobalSection
	GlobalSection(ProjectConfigurationPlatforms) = postSolution
		{CE495CA2-2D4F-4DF4-9231-00D7EEF16898}.Debug|Any CPU.ActiveCfg = Debug|Any CPU
		{CE495CA2-2D4F-4DF4-9231-00D7EEF16898}.Debug|Any CPU.Build.0 = Debug|Any CPU
		{CE495CA2-2D4F-4DF4-9231-00D7EEF16898}.Release|Any CPU.ActiveCfg = Release|Any CPU
		{CE495CA2-2D4F-4DF4-9231-00D7EEF16898}.Release|Any CPU.Build.0 = Release|Any CPU
	EndGlobalSection
	GlobalSection(SolutionProperties) = preSolution
		HideSolutionNode = FALSE
	EndGlobalSection
	GlobalSection(ExtensibilityGlobals) = postSolution
		SolutionGuid = {966F017E-9948-46F7-8C9F-CE586ABD9739}
	EndGlobalSection
EndGlobal
